
Microsoft Visual Studio Solution File, Format Version 12.00
# Visual Studio Version 17
VisualStudioVersion = 17.5.33530.505
MinimumVisualStudioVersion = 10.0.40219.1
Project("{FAE04EC0-301F-11D3-BF4B-00C04F79EFBC}") = "GraphLab", "GraphLab\GraphLab.csproj", "{DF6C5DD0-D666-4F1F-96AD-AFF08C7FB38D}"
EndProject
Global
	GlobalSection(SolutionConfigurationPlatforms) = preSolution
		Debug|Any CPU = Debug|Any CPU
		Release|Any CPU = Release|Any CPU
	EndGlobalSection
	GlobalSection(ProjectConfigurationPlatforms) = postSolution
		{DF6C5DD0-D666-4F1F-96AD-AFF08C7FB38D}.Debug|Any CPU.ActiveCfg = Debug|Any CPU
		{DF6C5DD0-D666-4F1F-96AD-AFF08C7FB38D}.Debug|Any CPU.Build.0 = Debug|Any CPU
		{DF6C5DD0-D666-4F1F-96AD-AFF08C7FB38D}.Release|Any CPU.ActiveCfg = Release|Any CPU
		{DF6C5DD0-D666-4F1F-96AD-AFF08C7FB38D}.Release|Any CPU.Build.0 = Release|Any CPU
	EndGlobalSection
	GlobalSection(SolutionProperties) = preSolution
		HideSolutionNode = FALSE
	EndGlobalSection
	GlobalSection(ExtensibilityGlobals) = postSolution
		SolutionGuid = {FD28FAAA-83A2-4A17-A2D8-747EBD65235B}
	EndGlobalSection
EndGlobal
